
Microsoft Visual Studio Solution File, Format Version 12.00
# Visual Studio Version 17
VisualStudioVersion = 17.3.32611.2
MinimumVisualStudioVersion = 10.0.40219.1
Project("{FAE04EC0-301F-11D3-BF4B-00C04F79EFBC}") = "ProtegoFrontend", "ProtegoFrontend\ProtegoFrontend.csproj", "{6D9FB6B1-4C40-4F90-8AB0-4FA1009F4A48}"
EndProject
Project("{FAE04EC0-301F-11D3-BF4B-00C04F79EFBC}") = "ProtegoBackend", "ProtegoBackend\ProtegoBackend.csproj", "{2505CB1D-BE6C-4B48-94D2-C16F701DF6F7}"
EndProject
Global
	GlobalSection(SolutionConfigurationPlatforms) = preSolution
		Debug|Any CPU = Debug|Any CPU
		Release|Any CPU = Release|Any CPU
	EndGlobalSection
	GlobalSection(ProjectConfigurationPlatforms) = postSolution
		{6D9FB6B1-4C40-4F90-8AB0-4FA1009F4A48}.Debug|Any CPU.ActiveCfg = Debug|Any CPU
		{6D9FB6B1-4C40-4F90-8AB0-4FA1009F4A48}.Debug|Any CPU.Build.0 = Debug|Any CPU
		{6D9FB6B1-4C40-4F90-8AB0-4FA1009F4A48}.Release|Any CPU.ActiveCfg = Release|Any CPU
		{6D9FB6B1-4C40-4F90-8AB0-4FA1009F4A48}.Release|Any CPU.Build.0 = Release|Any CPU
		{2505CB1D-BE6C-4B48-94D2-C16F701DF6F7}.Debug|Any CPU.ActiveCfg = Debug|Any CPU
		{2505CB1D-BE6C-4B48-94D2-C16F701DF6F7}.Debug|Any CPU.Build.0 = Debug|Any CPU
		{2505CB1D-BE6C-4B48-94D2-C16F701DF6F7}.Release|Any CPU.ActiveCfg = Release|Any CPU
		{2505CB1D-BE6C-4B48-94D2-C16F701DF6F7}.Release|Any CPU.Build.0 = Release|Any CPU
	EndGlobalSection
	GlobalSection(SolutionProperties) = preSolution
		HideSolutionNode = FALSE
	EndGlobalSection
	GlobalSection(ExtensibilityGlobals) = postSolution
		SolutionGuid = {5741169E-F973-4EC4-877E-97B4F4A2F9AB}
	EndGlobalSection
EndGlobal
